{
	"name": "@financial-times/o-audio",
	"requires": true,
	"lockfileVersion": 1,
	"dependencies": {
		"eslint-config-origami-component": {
			"version": "1.0.0",
			"resolved": "https://registry.npmjs.org/eslint-config-origami-component/-/eslint-config-origami-component-1.0.0.tgz",
			"integrity": "sha1-xqHXWLIns51QZ5b41ENFZTpwXkY=",
			"dev": true
		}
	}
}
