{
  "requires": true,
  "lockfileVersion": 1,
  "dependencies": {
    "clipboard": {
      "version": "2.0.0",
      "resolved": "https://registry.npmjs.org/clipboard/-/clipboard-2.0.0.tgz",
      "integrity": "sha512-gXzHBlzEVqCk2b8Wpkil89S0WSMAX7eZho2zANX+EEEa9LMutGe9ICU+wHRzsH7cCHaCbUzj900P+AXOM0FE3A==",
      "optional": true,
      "requires": {
        "good-listener": "1.2.2",
        "select": "1.1.2",
        "tiny-emitter": "2.0.2"
      }
    },
    "delegate": {
      "version": "3.2.0",
      "resolved": "https://registry.npmjs.org/delegate/-/delegate-3.2.0.tgz",
      "integrity": "sha512-IofjkYBZaZivn0V8nnsMJGBr4jVLxHDheKSW88PyxS5QC4Vo9ZbZVvhzlSxY87fVq3STR6r+4cGepyHkcWOQSw==",
      "optional": true
    },
    "good-listener": {
      "version": "1.2.2",
      "resolved": "https://registry.npmjs.org/good-listener/-/good-listener-1.2.2.tgz",
      "integrity": "sha1-1TswzfkxPf+33JoNR3CWqm0UXFA=",
      "optional": true,
      "requires": {
        "delegate": "3.2.0"
      }
    },
    "prismjs": {
      "version": "1.13.0",
      "resolved": "https://registry.npmjs.org/prismjs/-/prismjs-1.13.0.tgz",
      "integrity": "sha512-0/1Fiyg3MCzepo6t6Wzx2Ef4nftGKeQIv+Z6LO38RcYJN5QV2ePHh8W41ZkFn57B++6BnglF6fCiJ9b80YlzkQ==",
      "requires": {
        "clipboard": "2.0.0"
      }
    },
    "select": {
      "version": "1.1.2",
      "resolved": "https://registry.npmjs.org/select/-/select-1.1.2.tgz",
      "integrity": "sha1-DnNQrN7ICxEIUoeG7B1EGNEbOW0=",
      "optional": true
    },
    "tiny-emitter": {
      "version": "2.0.2",
      "resolved": "https://registry.npmjs.org/tiny-emitter/-/tiny-emitter-2.0.2.tgz",
      "integrity": "sha512-2NM0auVBGft5tee/OxP4PI3d8WItkDM+fPnaRAVo6xTDI2knbz9eC5ArWGqtGlYqiH3RU5yMpdyTTO7MguC4ow==",
      "optional": true
    }
  }
}
