{
  "name": "o-date",
  "requires": true,
  "lockfileVersion": 1,
  "dependencies": {
    "@financial-times/ft-date-format": {
      "version": "1.0.3",
      "resolved": "https://registry.npmjs.org/@financial-times/ft-date-format/-/ft-date-format-1.0.3.tgz",
      "integrity": "sha512-PUvZgz2P8iAoEj+iqOnl5w4v11pyXtLYMtQI4KA9ug0klKj9YyW9oW0Rxw1ZJbpw36LcibpvaVEOtS2iR19jyA=="
    }
  }
}
