{
  "name": "@financial-times/g-audio",
  "version": "1.0.7",
  "lockfileVersion": 2,
  "requires": true,
  "packages": {
    "": {
      "name": "@financial-times/g-audio",
      "version": "1.0.7",
      "engines": {
        "npm": ">=7"
      },
      "peerDependencies": {
        "@financial-times/o-icons": "^7.2.1"
      }
    },
    "node_modules/@financial-times/fticons": {
      "version": "1.23.1",
      "resolved": "https://registry.npmjs.org/@financial-times/fticons/-/fticons-1.23.1.tgz",
      "integrity": "sha512-pBcOFpblNAUVl38Vez+WHpYlRC/gYkk30ANFiDWN7tUjKFsa2AbEMSJ2JBZsGEMvupPMBWKA/zsVqb29FmGnxA==",
      "peer": true
    },
    "node_modules/@financial-times/o-icons": {
      "version": "7.2.1",
      "resolved": "https://registry.npmjs.org/@financial-times/o-icons/-/o-icons-7.2.1.tgz",
      "integrity": "sha512-VUeP9FkdRy3FFwy79THy4V2nqY8FF6KU/0yL6JTLOiYnm9upgcV0hMQHVTd2Vv4xjY+0gpy8IZgstuolB+QJhg==",
      "peer": true,
      "engines": {
        "npm": "^7 || ^8"
      },
      "peerDependencies": {
        "@financial-times/fticons": "^1.23.1"
      }
    }
  },
  "dependencies": {
    "@financial-times/fticons": {
      "version": "1.23.1",
      "resolved": "https://registry.npmjs.org/@financial-times/fticons/-/fticons-1.23.1.tgz",
      "integrity": "sha512-pBcOFpblNAUVl38Vez+WHpYlRC/gYkk30ANFiDWN7tUjKFsa2AbEMSJ2JBZsGEMvupPMBWKA/zsVqb29FmGnxA==",
      "peer": true
    },
    "@financial-times/o-icons": {
      "version": "7.2.1",
      "resolved": "https://registry.npmjs.org/@financial-times/o-icons/-/o-icons-7.2.1.tgz",
      "integrity": "sha512-VUeP9FkdRy3FFwy79THy4V2nqY8FF6KU/0yL6JTLOiYnm9upgcV0hMQHVTd2Vv4xjY+0gpy8IZgstuolB+QJhg==",
      "peer": true,
      "requires": {}
    }
  }
}
