// !$*UTF8*$!
{
	archiveVersion = 1;
	classes = {
	};
	objectVersion = 50;
	objects = {

/* Begin PBXBuildFile section */
		61ED5ED927332F87004F2E38 /* ContentView.swift in Sources */ = {isa = PBXBuildFile; fileRef = BB2EF60326F5104500688906 /* ContentView.swift */; };
		BB2EF60226F5104500688906 /* OrigamiStylesExampleApp.swift in Sources */ = {isa = PBXBuildFile; fileRef = BB2EF60126F5104500688906 /* OrigamiStylesExampleApp.swift */; };
		BB2EF60626F5104700688906 /* Assets.xcassets in Resources */ = {isa = PBXBuildFile; fileRef = BB2EF60526F5104700688906 /* Assets.xcassets */; };
		BB2EF60926F5104700688906 /* Preview Assets.xcassets in Resources */ = {isa = PBXBuildFile; fileRef = BB2EF60826F5104700688906 /* Preview Assets.xcassets */; };
		BB2EF61426F5104700688906 /* OrigamiStylesExampleTests.swift in Sources */ = {isa = PBXBuildFile; fileRef = BB2EF61326F5104700688906 /* OrigamiStylesExampleTests.swift */; };
		BB2EF61F26F5104700688906 /* OrigamiStylesExampleUITests.swift in Sources */ = {isa = PBXBuildFile; fileRef = BB2EF61E26F5104700688906 /* OrigamiStylesExampleUITests.swift */; };
		BBC2071826F917F400F4DC21 /* Image.swift in Sources */ = {isa = PBXBuildFile; fileRef = BBC2071426F917F400F4DC21 /* Image.swift */; };
		BBC2071926F917F400F4DC21 /* Size.swift in Sources */ = {isa = PBXBuildFile; fileRef = BBC2071526F917F400F4DC21 /* Size.swift */; };
		BBC2071A26F917F400F4DC21 /* Color.swift in Sources */ = {isa = PBXBuildFile; fileRef = BBC2071626F917F400F4DC21 /* Color.swift */; };
		BBC2071B26F917F400F4DC21 /* StyleDictionary.xcassets in Resources */ = {isa = PBXBuildFile; fileRef = BBC2071726F917F400F4DC21 /* StyleDictionary.xcassets */; };
/* End PBXBuildFile section */

/* Begin PBXContainerItemProxy section */
		BB2EF61026F5104700688906 /* PBXContainerItemProxy */ = {
			isa = PBXContainerItemProxy;
			containerPortal = BB2EF5F626F5104500688906 /* Project object */;
			proxyType = 1;
			remoteGlobalIDString = BB2EF5FD26F5104500688906;
			remoteInfo = OrigamiStylesExample;
		};
		BB2EF61B26F5104700688906 /* PBXContainerItemProxy */ = {
			isa = PBXContainerItemProxy;
			containerPortal = BB2EF5F626F5104500688906 /* Project object */;
			proxyType = 1;
			remoteGlobalIDString = BB2EF5FD26F5104500688906;
			remoteInfo = OrigamiStylesExample;
		};
/* End PBXContainerItemProxy section */

/* Begin PBXFileReference section */
		BB2EF5FE26F5104500688906 /* OrigamiStylesExample.app */ = {isa = PBXFileReference; explicitFileType = wrapper.application; includeInIndex = 0; path = OrigamiStylesExample.app; sourceTree = BUILT_PRODUCTS_DIR; };
		BB2EF60126F5104500688906 /* OrigamiStylesExampleApp.swift */ = {isa = PBXFileReference; lastKnownFileType = sourcecode.swift; path = OrigamiStylesExampleApp.swift; sourceTree = "<group>"; };
		BB2EF60326F5104500688906 /* ContentView.swift */ = {isa = PBXFileReference; lastKnownFileType = sourcecode.swift; path = ContentView.swift; sourceTree = "<group>"; };
		BB2EF60526F5104700688906 /* Assets.xcassets */ = {isa = PBXFileReference; lastKnownFileType = folder.assetcatalog; path = Assets.xcassets; sourceTree = "<group>"; };
		BB2EF60826F5104700688906 /* Preview Assets.xcassets */ = {isa = PBXFileReference; lastKnownFileType = folder.assetcatalog; path = "Preview Assets.xcassets"; sourceTree = "<group>"; };
		BB2EF60A26F5104700688906 /* Info.plist */ = {isa = PBXFileReference; lastKnownFileType = text.plist.xml; path = Info.plist; sourceTree = "<group>"; };
		BB2EF60F26F5104700688906 /* OrigamiStylesExampleTests.xctest */ = {isa = PBXFileReference; explicitFileType = wrapper.cfbundle; includeInIndex = 0; path = OrigamiStylesExampleTests.xctest; sourceTree = BUILT_PRODUCTS_DIR; };
		BB2EF61326F5104700688906 /* OrigamiStylesExampleTests.swift */ = {isa = PBXFileReference; lastKnownFileType = sourcecode.swift; path = OrigamiStylesExampleTests.swift; sourceTree = "<group>"; };
		BB2EF61526F5104700688906 /* Info.plist */ = {isa = PBXFileReference; lastKnownFileType = text.plist.xml; path = Info.plist; sourceTree = "<group>"; };
		BB2EF61A26F5104700688906 /* OrigamiStylesExampleUITests.xctest */ = {isa = PBXFileReference; explicitFileType = wrapper.cfbundle; includeInIndex = 0; path = OrigamiStylesExampleUITests.xctest; sourceTree = BUILT_PRODUCTS_DIR; };
		BB2EF61E26F5104700688906 /* OrigamiStylesExampleUITests.swift */ = {isa = PBXFileReference; lastKnownFileType = sourcecode.swift; path = OrigamiStylesExampleUITests.swift; sourceTree = "<group>"; };
		BB2EF62026F5104700688906 /* Info.plist */ = {isa = PBXFileReference; lastKnownFileType = text.plist.xml; path = Info.plist; sourceTree = "<group>"; };
		BBC2071426F917F400F4DC21 /* Image.swift */ = {isa = PBXFileReference; fileEncoding = 4; lastKnownFileType = sourcecode.swift; name = Image.swift; path = "../../tools/style-dictionary-design-tokens/dist/ios/Image.swift"; sourceTree = SOURCE_ROOT; };
		BBC2071526F917F400F4DC21 /* Size.swift */ = {isa = PBXFileReference; fileEncoding = 4; lastKnownFileType = sourcecode.swift; name = Size.swift; path = "../../tools/style-dictionary-design-tokens/dist/ios/Size.swift"; sourceTree = SOURCE_ROOT; };
		BBC2071626F917F400F4DC21 /* Color.swift */ = {isa = PBXFileReference; fileEncoding = 4; lastKnownFileType = sourcecode.swift; name = Color.swift; path = "../../tools/style-dictionary-design-tokens/dist/ios/Color.swift"; sourceTree = SOURCE_ROOT; };
		BBC2071726F917F400F4DC21 /* StyleDictionary.xcassets */ = {isa = PBXFileReference; lastKnownFileType = folder.assetcatalog; name = StyleDictionary.xcassets; path = "../../tools/style-dictionary-design-tokens/dist/ios/StyleDictionary.xcassets"; sourceTree = SOURCE_ROOT; };
/* End PBXFileReference section */

/* Begin PBXFrameworksBuildPhase section */
		BB2EF5FB26F5104500688906 /* Frameworks */ = {
			isa = PBXFrameworksBuildPhase;
			buildActionMask = 2147483647;
			files = (
			);
			runOnlyForDeploymentPostprocessing = 0;
		};
		BB2EF60C26F5104700688906 /* Frameworks */ = {
			isa = PBXFrameworksBuildPhase;
			buildActionMask = 2147483647;
			files = (
			);
			runOnlyForDeploymentPostprocessing = 0;
		};
		BB2EF61726F5104700688906 /* Frameworks */ = {
			isa = PBXFrameworksBuildPhase;
			buildActionMask = 2147483647;
			files = (
			);
			runOnlyForDeploymentPostprocessing = 0;
		};
/* End PBXFrameworksBuildPhase section */

/* Begin PBXGroup section */
		BB2EF5F526F5104500688906 = {
			isa = PBXGroup;
			children = (
				BB2EF60026F5104500688906 /* OrigamiStylesExample */,
				BB2EF61226F5104700688906 /* OrigamiStylesExampleTests */,
				BB2EF61D26F5104700688906 /* OrigamiStylesExampleUITests */,
				BB2EF5FF26F5104500688906 /* Products */,
			);
			sourceTree = "<group>";
		};
		BB2EF5FF26F5104500688906 /* Products */ = {
			isa = PBXGroup;
			children = (
				BB2EF5FE26F5104500688906 /* OrigamiStylesExample.app */,
				BB2EF60F26F5104700688906 /* OrigamiStylesExampleTests.xctest */,
				BB2EF61A26F5104700688906 /* OrigamiStylesExampleUITests.xctest */,
			);
			name = Products;
			sourceTree = "<group>";
		};
		BB2EF60026F5104500688906 /* OrigamiStylesExample */ = {
			isa = PBXGroup;
			children = (
				BBC2071326F917E700F4DC21 /* Styles */,
				BB2EF60126F5104500688906 /* OrigamiStylesExampleApp.swift */,
				BB2EF60326F5104500688906 /* ContentView.swift */,
				BB2EF60526F5104700688906 /* Assets.xcassets */,
				BB2EF60A26F5104700688906 /* Info.plist */,
				BB2EF60726F5104700688906 /* Preview Content */,
			);
			path = OrigamiStylesExample;
			sourceTree = "<group>";
		};
		BB2EF60726F5104700688906 /* Preview Content */ = {
			isa = PBXGroup;
			children = (
				BB2EF60826F5104700688906 /* Preview Assets.xcassets */,
			);
			path = "Preview Content";
			sourceTree = "<group>";
		};
		BB2EF61226F5104700688906 /* OrigamiStylesExampleTests */ = {
			isa = PBXGroup;
			children = (
				BB2EF61326F5104700688906 /* OrigamiStylesExampleTests.swift */,
				BB2EF61526F5104700688906 /* Info.plist */,
			);
			path = OrigamiStylesExampleTests;
			sourceTree = "<group>";
		};
		BB2EF61D26F5104700688906 /* OrigamiStylesExampleUITests */ = {
			isa = PBXGroup;
			children = (
				BB2EF61E26F5104700688906 /* OrigamiStylesExampleUITests.swift */,
				BB2EF62026F5104700688906 /* Info.plist */,
			);
			path = OrigamiStylesExampleUITests;
			sourceTree = "<group>";
		};
		BBC2071326F917E700F4DC21 /* Styles */ = {
			isa = PBXGroup;
			children = (
				BBC2071626F917F400F4DC21 /* Color.swift */,
				BBC2071426F917F400F4DC21 /* Image.swift */,
				BBC2071526F917F400F4DC21 /* Size.swift */,
				BBC2071726F917F400F4DC21 /* StyleDictionary.xcassets */,
			);
			name = Styles;
			path = OrigamiStylesExample/Styles;
			sourceTree = SOURCE_ROOT;
		};
/* End PBXGroup section */

/* Begin PBXNativeTarget section */
		BB2EF5FD26F5104500688906 /* OrigamiStylesExample */ = {
			isa = PBXNativeTarget;
			buildConfigurationList = BB2EF62326F5104700688906 /* Build configuration list for PBXNativeTarget "OrigamiStylesExample" */;
			buildPhases = (
				BB2EF5FA26F5104500688906 /* Sources */,
				BB2EF5FB26F5104500688906 /* Frameworks */,
				BB2EF5FC26F5104500688906 /* Resources */,
			);
			buildRules = (
			);
			dependencies = (
			);
			name = OrigamiStylesExample;
			packageProductDependencies = (
			);
			productName = OrigamiStylesExample;
			productReference = BB2EF5FE26F5104500688906 /* OrigamiStylesExample.app */;
			productType = "com.apple.product-type.application";
		};
		BB2EF60E26F5104700688906 /* OrigamiStylesExampleTests */ = {
			isa = PBXNativeTarget;
			buildConfigurationList = BB2EF62626F5104700688906 /* Build configuration list for PBXNativeTarget "OrigamiStylesExampleTests" */;
			buildPhases = (
				BB2EF60B26F5104700688906 /* Sources */,
				BB2EF60C26F5104700688906 /* Frameworks */,
				BB2EF60D26F5104700688906 /* Resources */,
			);
			buildRules = (
			);
			dependencies = (
				BB2EF61126F5104700688906 /* PBXTargetDependency */,
			);
			name = OrigamiStylesExampleTests;
			productName = OrigamiStylesExampleTests;
			productReference = BB2EF60F26F5104700688906 /* OrigamiStylesExampleTests.xctest */;
			productType = "com.apple.product-type.bundle.unit-test";
		};
		BB2EF61926F5104700688906 /* OrigamiStylesExampleUITests */ = {
			isa = PBXNativeTarget;
			buildConfigurationList = BB2EF62926F5104700688906 /* Build configuration list for PBXNativeTarget "OrigamiStylesExampleUITests" */;
			buildPhases = (
				BB2EF61626F5104700688906 /* Sources */,
				BB2EF61726F5104700688906 /* Frameworks */,
				BB2EF61826F5104700688906 /* Resources */,
			);
			buildRules = (
			);
			dependencies = (
				BB2EF61C26F5104700688906 /* PBXTargetDependency */,
			);
			name = OrigamiStylesExampleUITests;
			productName = OrigamiStylesExampleUITests;
			productReference = BB2EF61A26F5104700688906 /* OrigamiStylesExampleUITests.xctest */;
			productType = "com.apple.product-type.bundle.ui-testing";
		};
/* End PBXNativeTarget section */

/* Begin PBXProject section */
		BB2EF5F626F5104500688906 /* Project object */ = {
			isa = PBXProject;
			attributes = {
				LastSwiftUpdateCheck = 1250;
				LastUpgradeCheck = 1250;
				TargetAttributes = {
					BB2EF5FD26F5104500688906 = {
						CreatedOnToolsVersion = 12.5;
					};
					BB2EF60E26F5104700688906 = {
						CreatedOnToolsVersion = 12.5;
						TestTargetID = BB2EF5FD26F5104500688906;
					};
					BB2EF61926F5104700688906 = {
						CreatedOnToolsVersion = 12.5;
						TestTargetID = BB2EF5FD26F5104500688906;
					};
				};
			};
			buildConfigurationList = BB2EF5F926F5104500688906 /* Build configuration list for PBXProject "OrigamiStylesExample" */;
			compatibilityVersion = "Xcode 9.3";
			developmentRegion = en;
			hasScannedForEncodings = 0;
			knownRegions = (
				en,
				Base,
			);
			mainGroup = BB2EF5F526F5104500688906;
			packageReferences = (
			);
			productRefGroup = BB2EF5FF26F5104500688906 /* Products */;
			projectDirPath = "";
			projectRoot = "";
			targets = (
				BB2EF5FD26F5104500688906 /* OrigamiStylesExample */,
				BB2EF60E26F5104700688906 /* OrigamiStylesExampleTests */,
				BB2EF61926F5104700688906 /* OrigamiStylesExampleUITests */,
			);
		};
/* End PBXProject section */

/* Begin PBXResourcesBuildPhase section */
		BB2EF5FC26F5104500688906 /* Resources */ = {
			isa = PBXResourcesBuildPhase;
			buildActionMask = 2147483647;
			files = (
				BB2EF60926F5104700688906 /* Preview Assets.xcassets in Resources */,
				BB2EF60626F5104700688906 /* Assets.xcassets in Resources */,
				BBC2071B26F917F400F4DC21 /* StyleDictionary.xcassets in Resources */,
			);
			runOnlyForDeploymentPostprocessing = 0;
		};
		BB2EF60D26F5104700688906 /* Resources */ = {
			isa = PBXResourcesBuildPhase;
			buildActionMask = 2147483647;
			files = (
			);
			runOnlyForDeploymentPostprocessing = 0;
		};
		BB2EF61826F5104700688906 /* Resources */ = {
			isa = PBXResourcesBuildPhase;
			buildActionMask = 2147483647;
			files = (
			);
			runOnlyForDeploymentPostprocessing = 0;
		};
/* End PBXResourcesBuildPhase section */

/* Begin PBXSourcesBuildPhase section */
		BB2EF5FA26F5104500688906 /* Sources */ = {
			isa = PBXSourcesBuildPhase;
			buildActionMask = 2147483647;
			files = (
				BBC2071926F917F400F4DC21 /* Size.swift in Sources */,
				61ED5ED927332F87004F2E38 /* ContentView.swift in Sources */,
				BBC2071826F917F400F4DC21 /* Image.swift in Sources */,
				BBC2071A26F917F400F4DC21 /* Color.swift in Sources */,
				BB2EF60226F5104500688906 /* OrigamiStylesExampleApp.swift in Sources */,
			);
			runOnlyForDeploymentPostprocessing = 0;
		};
		BB2EF60B26F5104700688906 /* Sources */ = {
			isa = PBXSourcesBuildPhase;
			buildActionMask = 2147483647;
			files = (
				BB2EF61426F5104700688906 /* OrigamiStylesExampleTests.swift in Sources */,
			);
			runOnlyForDeploymentPostprocessing = 0;
		};
		BB2EF61626F5104700688906 /* Sources */ = {
			isa = PBXSourcesBuildPhase;
			buildActionMask = 2147483647;
			files = (
				BB2EF61F26F5104700688906 /* OrigamiStylesExampleUITests.swift in Sources */,
			);
			runOnlyForDeploymentPostprocessing = 0;
		};
/* End PBXSourcesBuildPhase section */

/* Begin PBXTargetDependency section */
		BB2EF61126F5104700688906 /* PBXTargetDependency */ = {
			isa = PBXTargetDependency;
			target = BB2EF5FD26F5104500688906 /* OrigamiStylesExample */;
			targetProxy = BB2EF61026F5104700688906 /* PBXContainerItemProxy */;
		};
		BB2EF61C26F5104700688906 /* PBXTargetDependency */ = {
			isa = PBXTargetDependency;
			target = BB2EF5FD26F5104500688906 /* OrigamiStylesExample */;
			targetProxy = BB2EF61B26F5104700688906 /* PBXContainerItemProxy */;
		};
/* End PBXTargetDependency section */

/* Begin XCBuildConfiguration section */
		BB2EF62126F5104700688906 /* Debug */ = {
			isa = XCBuildConfiguration;
			buildSettings = {
				ALWAYS_SEARCH_USER_PATHS = NO;
				CLANG_ANALYZER_NONNULL = YES;
				CLANG_ANALYZER_NUMBER_OBJECT_CONVERSION = YES_AGGRESSIVE;
				CLANG_CXX_LANGUAGE_STANDARD = "gnu++14";
				CLANG_CXX_LIBRARY = "libc++";
				CLANG_ENABLE_MODULES = YES;
				CLANG_ENABLE_OBJC_ARC = YES;
				CLANG_ENABLE_OBJC_WEAK = YES;
				CLANG_WARN_BLOCK_CAPTURE_AUTORELEASING = YES;
				CLANG_WARN_BOOL_CONVERSION = YES;
				CLANG_WARN_COMMA = YES;
				CLANG_WARN_CONSTANT_CONVERSION = YES;
				CLANG_WARN_DEPRECATED_OBJC_IMPLEMENTATIONS = YES;
				CLANG_WARN_DIRECT_OBJC_ISA_USAGE = YES_ERROR;
				CLANG_WARN_DOCUMENTATION_COMMENTS = YES;
				CLANG_WARN_EMPTY_BODY = YES;
				CLANG_WARN_ENUM_CONVERSION = YES;
				CLANG_WARN_INFINITE_RECURSION = YES;
				CLANG_WARN_INT_CONVERSION = YES;
				CLANG_WARN_NON_LITERAL_NULL_CONVERSION = YES;
				CLANG_WARN_OBJC_IMPLICIT_RETAIN_SELF = YES;
				CLANG_WARN_OBJC_LITERAL_CONVERSION = YES;
				CLANG_WARN_OBJC_ROOT_CLASS = YES_ERROR;
				CLANG_WARN_QUOTED_INCLUDE_IN_FRAMEWORK_HEADER = YES;
				CLANG_WARN_RANGE_LOOP_ANALYSIS = YES;
				CLANG_WARN_STRICT_PROTOTYPES = YES;
				CLANG_WARN_SUSPICIOUS_MOVE = YES;
				CLANG_WARN_UNGUARDED_AVAILABILITY = YES_AGGRESSIVE;
				CLANG_WARN_UNREACHABLE_CODE = YES;
				CLANG_WARN__DUPLICATE_METHOD_MATCH = YES;
				COPY_PHASE_STRIP = NO;
				DEBUG_INFORMATION_FORMAT = dwarf;
				ENABLE_STRICT_OBJC_MSGSEND = YES;
				ENABLE_TESTABILITY = YES;
				GCC_C_LANGUAGE_STANDARD = gnu11;
				GCC_DYNAMIC_NO_PIC = NO;
				GCC_NO_COMMON_BLOCKS = YES;
				GCC_OPTIMIZATION_LEVEL = 0;
				GCC_PREPROCESSOR_DEFINITIONS = (
					"DEBUG=1",
					"$(inherited)",
				);
				GCC_WARN_64_TO_32_BIT_CONVERSION = YES;
				GCC_WARN_ABOUT_RETURN_TYPE = YES_ERROR;
				GCC_WARN_UNDECLARED_SELECTOR = YES;
				GCC_WARN_UNINITIALIZED_AUTOS = YES_AGGRESSIVE;
				GCC_WARN_UNUSED_FUNCTION = YES;
				GCC_WARN_UNUSED_VARIABLE = YES;
				IPHONEOS_DEPLOYMENT_TARGET = 14.5;
				MTL_ENABLE_DEBUG_INFO = INCLUDE_SOURCE;
				MTL_FAST_MATH = YES;
				ONLY_ACTIVE_ARCH = YES;
				SDKROOT = iphoneos;
				SWIFT_ACTIVE_COMPILATION_CONDITIONS = DEBUG;
				SWIFT_OPTIMIZATION_LEVEL = "-Onone";
			};
			name = Debug;
		};
		BB2EF62226F5104700688906 /* Release */ = {
			isa = XCBuildConfiguration;
			buildSettings = {
				ALWAYS_SEARCH_USER_PATHS = NO;
				CLANG_ANALYZER_NONNULL = YES;
				CLANG_ANALYZER_NUMBER_OBJECT_CONVERSION = YES_AGGRESSIVE;
				CLANG_CXX_LANGUAGE_STANDARD = "gnu++14";
				CLANG_CXX_LIBRARY = "libc++";
				CLANG_ENABLE_MODULES = YES;
				CLANG_ENABLE_OBJC_ARC = YES;
				CLANG_ENABLE_OBJC_WEAK = YES;
				CLANG_WARN_BLOCK_CAPTURE_AUTORELEASING = YES;
				CLANG_WARN_BOOL_CONVERSION = YES;
				CLANG_WARN_COMMA = YES;
				CLANG_WARN_CONSTANT_CONVERSION = YES;
				CLANG_WARN_DEPRECATED_OBJC_IMPLEMENTATIONS = YES;
				CLANG_WARN_DIRECT_OBJC_ISA_USAGE = YES_ERROR;
				CLANG_WARN_DOCUMENTATION_COMMENTS = YES;
				CLANG_WARN_EMPTY_BODY = YES;
				CLANG_WARN_ENUM_CONVERSION = YES;
				CLANG_WARN_INFINITE_RECURSION = YES;
				CLANG_WARN_INT_CONVERSION = YES;
				CLANG_WARN_NON_LITERAL_NULL_CONVERSION = YES;
				CLANG_WARN_OBJC_IMPLICIT_RETAIN_SELF = YES;
				CLANG_WARN_OBJC_LITERAL_CONVERSION = YES;
				CLANG_WARN_OBJC_ROOT_CLASS = YES_ERROR;
				CLANG_WARN_QUOTED_INCLUDE_IN_FRAMEWORK_HEADER = YES;
				CLANG_WARN_RANGE_LOOP_ANALYSIS = YES;
				CLANG_WARN_STRICT_PROTOTYPES = YES;
				CLANG_WARN_SUSPICIOUS_MOVE = YES;
				CLANG_WARN_UNGUARDED_AVAILABILITY = YES_AGGRESSIVE;
				CLANG_WARN_UNREACHABLE_CODE = YES;
				CLANG_WARN__DUPLICATE_METHOD_MATCH = YES;
				COPY_PHASE_STRIP = NO;
				DEBUG_INFORMATION_FORMAT = "dwarf-with-dsym";
				ENABLE_NS_ASSERTIONS = NO;
				ENABLE_STRICT_OBJC_MSGSEND = YES;
				GCC_C_LANGUAGE_STANDARD = gnu11;
				GCC_NO_COMMON_BLOCKS = YES;
				GCC_WARN_64_TO_32_BIT_CONVERSION = YES;
				GCC_WARN_ABOUT_RETURN_TYPE = YES_ERROR;
				GCC_WARN_UNDECLARED_SELECTOR = YES;
				GCC_WARN_UNINITIALIZED_AUTOS = YES_AGGRESSIVE;
				GCC_WARN_UNUSED_FUNCTION = YES;
				GCC_WARN_UNUSED_VARIABLE = YES;
				IPHONEOS_DEPLOYMENT_TARGET = 14.5;
				MTL_ENABLE_DEBUG_INFO = NO;
				MTL_FAST_MATH = YES;
				SDKROOT = iphoneos;
				SWIFT_COMPILATION_MODE = wholemodule;
				SWIFT_OPTIMIZATION_LEVEL = "-O";
				VALIDATE_PRODUCT = YES;
			};
			name = Release;
		};
		BB2EF62426F5104700688906 /* Debug */ = {
			isa = XCBuildConfiguration;
			buildSettings = {
				ASSETCATALOG_COMPILER_APPICON_NAME = AppIcon;
				ASSETCATALOG_COMPILER_GLOBAL_ACCENT_COLOR_NAME = AccentColor;
				CODE_SIGN_STYLE = Automatic;
				DEVELOPMENT_ASSET_PATHS = "\"OrigamiStylesExample/Preview Content\"";
				DEVELOPMENT_TEAM = CAEDT8EKGV;
				ENABLE_PREVIEWS = YES;
				INFOPLIST_FILE = OrigamiStylesExample/Info.plist;
				IPHONEOS_DEPLOYMENT_TARGET = 14.0;
				LD_RUNPATH_SEARCH_PATHS = (
					"$(inherited)",
					"@executable_path/Frameworks",
				);
				PRODUCT_BUNDLE_IDENTIFIER = com.ft.OrigamiStylesExample;
				PRODUCT_NAME = "$(TARGET_NAME)";
				SWIFT_VERSION = 5.0;
				TARGETED_DEVICE_FAMILY = "1,2";
			};
			name = Debug;
		};
		BB2EF62526F5104700688906 /* Release */ = {
			isa = XCBuildConfiguration;
			buildSettings = {
				ASSETCATALOG_COMPILER_APPICON_NAME = AppIcon;
				ASSETCATALOG_COMPILER_GLOBAL_ACCENT_COLOR_NAME = AccentColor;
				CODE_SIGN_STYLE = Automatic;
				DEVELOPMENT_ASSET_PATHS = "\"OrigamiStylesExample/Preview Content\"";
				DEVELOPMENT_TEAM = CAEDT8EKGV;
				ENABLE_PREVIEWS = YES;
				INFOPLIST_FILE = OrigamiStylesExample/Info.plist;
				IPHONEOS_DEPLOYMENT_TARGET = 14.0;
				LD_RUNPATH_SEARCH_PATHS = (
					"$(inherited)",
					"@executable_path/Frameworks",
				);
				PRODUCT_BUNDLE_IDENTIFIER = com.ft.OrigamiStylesExample;
				PRODUCT_NAME = "$(TARGET_NAME)";
				SWIFT_VERSION = 5.0;
				TARGETED_DEVICE_FAMILY = "1,2";
			};
			name = Release;
		};
		BB2EF62726F5104700688906 /* Debug */ = {
			isa = XCBuildConfiguration;
			buildSettings = {
				ALWAYS_EMBED_SWIFT_STANDARD_LIBRARIES = YES;
				BUNDLE_LOADER = "$(TEST_HOST)";
				CODE_SIGN_STYLE = Automatic;
				DEVELOPMENT_TEAM = CAEDT8EKGV;
				INFOPLIST_FILE = OrigamiStylesExampleTests/Info.plist;
				IPHONEOS_DEPLOYMENT_TARGET = 14.0;
				LD_RUNPATH_SEARCH_PATHS = (
					"$(inherited)",
					"@executable_path/Frameworks",
					"@loader_path/Frameworks",
				);
				PRODUCT_BUNDLE_IDENTIFIER = com.ft.OrigamiStylesExampleTests;
				PRODUCT_NAME = "$(TARGET_NAME)";
				SWIFT_VERSION = 5.0;
				TARGETED_DEVICE_FAMILY = "1,2";
				TEST_HOST = "$(BUILT_PRODUCTS_DIR)/OrigamiStylesExample.app/OrigamiStylesExample";
			};
			name = Debug;
		};
		BB2EF62826F5104700688906 /* Release */ = {
			isa = XCBuildConfiguration;
			buildSettings = {
				ALWAYS_EMBED_SWIFT_STANDARD_LIBRARIES = YES;
				BUNDLE_LOADER = "$(TEST_HOST)";
				CODE_SIGN_STYLE = Automatic;
				DEVELOPMENT_TEAM = CAEDT8EKGV;
				INFOPLIST_FILE = OrigamiStylesExampleTests/Info.plist;
				IPHONEOS_DEPLOYMENT_TARGET = 14.0;
				LD_RUNPATH_SEARCH_PATHS = (
					"$(inherited)",
					"@executable_path/Frameworks",
					"@loader_path/Frameworks",
				);
				PRODUCT_BUNDLE_IDENTIFIER = com.ft.OrigamiStylesExampleTests;
				PRODUCT_NAME = "$(TARGET_NAME)";
				SWIFT_VERSION = 5.0;
				TARGETED_DEVICE_FAMILY = "1,2";
				TEST_HOST = "$(BUILT_PRODUCTS_DIR)/OrigamiStylesExample.app/OrigamiStylesExample";
			};
			name = Release;
		};
		BB2EF62A26F5104700688906 /* Debug */ = {
			isa = XCBuildConfiguration;
			buildSettings = {
				ALWAYS_EMBED_SWIFT_STANDARD_LIBRARIES = YES;
				CODE_SIGN_STYLE = Automatic;
				DEVELOPMENT_TEAM = CAEDT8EKGV;
				INFOPLIST_FILE = OrigamiStylesExampleUITests/Info.plist;
				LD_RUNPATH_SEARCH_PATHS = (
					"$(inherited)",
					"@executable_path/Frameworks",
					"@loader_path/Frameworks",
				);
				PRODUCT_BUNDLE_IDENTIFIER = com.ft.OrigamiStylesExampleUITests;
				PRODUCT_NAME = "$(TARGET_NAME)";
				SWIFT_VERSION = 5.0;
				TARGETED_DEVICE_FAMILY = "1,2";
				TEST_TARGET_NAME = OrigamiStylesExample;
			};
			name = Debug;
		};
		BB2EF62B26F5104700688906 /* Release */ = {
			isa = XCBuildConfiguration;
			buildSettings = {
				ALWAYS_EMBED_SWIFT_STANDARD_LIBRARIES = YES;
				CODE_SIGN_STYLE = Automatic;
				DEVELOPMENT_TEAM = CAEDT8EKGV;
				INFOPLIST_FILE = OrigamiStylesExampleUITests/Info.plist;
				LD_RUNPATH_SEARCH_PATHS = (
					"$(inherited)",
					"@executable_path/Frameworks",
					"@loader_path/Frameworks",
				);
				PRODUCT_BUNDLE_IDENTIFIER = com.ft.OrigamiStylesExampleUITests;
				PRODUCT_NAME = "$(TARGET_NAME)";
				SWIFT_VERSION = 5.0;
				TARGETED_DEVICE_FAMILY = "1,2";
				TEST_TARGET_NAME = OrigamiStylesExample;
			};
			name = Release;
		};
/* End XCBuildConfiguration section */

/* Begin XCConfigurationList section */
		BB2EF5F926F5104500688906 /* Build configuration list for PBXProject "OrigamiStylesExample" */ = {
			isa = XCConfigurationList;
			buildConfigurations = (
				BB2EF62126F5104700688906 /* Debug */,
				BB2EF62226F5104700688906 /* Release */,
			);
			defaultConfigurationIsVisible = 0;
			defaultConfigurationName = Release;
		};
		BB2EF62326F5104700688906 /* Build configuration list for PBXNativeTarget "OrigamiStylesExample" */ = {
			isa = XCConfigurationList;
			buildConfigurations = (
				BB2EF62426F5104700688906 /* Debug */,
				BB2EF62526F5104700688906 /* Release */,
			);
			defaultConfigurationIsVisible = 0;
			defaultConfigurationName = Release;
		};
		BB2EF62626F5104700688906 /* Build configuration list for PBXNativeTarget "OrigamiStylesExampleTests" */ = {
			isa = XCConfigurationList;
			buildConfigurations = (
				BB2EF62726F5104700688906 /* Debug */,
				BB2EF62826F5104700688906 /* Release */,
			);
			defaultConfigurationIsVisible = 0;
			defaultConfigurationName = Release;
		};
		BB2EF62926F5104700688906 /* Build configuration list for PBXNativeTarget "OrigamiStylesExampleUITests" */ = {
			isa = XCConfigurationList;
			buildConfigurations = (
				BB2EF62A26F5104700688906 /* Debug */,
				BB2EF62B26F5104700688906 /* Release */,
			);
			defaultConfigurationIsVisible = 0;
			defaultConfigurationName = Release;
		};
/* End XCConfigurationList section */
	};
	rootObject = BB2EF5F626F5104500688906 /* Project object */;
}
